
Microsoft Visual Studio Solution File, Format Version 12.00
# Visual Studio Version 17
VisualStudioVersion = 17.5.33516.290
MinimumVisualStudioVersion = 10.0.40219.1
Project("{FAE04EC0-301F-11D3-BF4B-00C04F79EFBC}") = "TrackingVaksinApp", "TrackingVaksinApp\TrackingVaksinApp.csproj", "{00CF9C81-74E9-403B-A9E8-6E12006BB476}"
EndProject
Global
	GlobalSection(SolutionConfigurationPlatforms) = preSolution
		Debug|Any CPU = Debug|Any CPU
		Release|Any CPU = Release|Any CPU
	EndGlobalSection
	GlobalSection(ProjectConfigurationPlatforms) = postSolution
		{00CF9C81-74E9-403B-A9E8-6E12006BB476}.Debug|Any CPU.ActiveCfg = Debug|Any CPU
		{00CF9C81-74E9-403B-A9E8-6E12006BB476}.Debug|Any CPU.Build.0 = Debug|Any CPU
		{00CF9C81-74E9-403B-A9E8-6E12006BB476}.Release|Any CPU.ActiveCfg = Release|Any CPU
		{00CF9C81-74E9-403B-A9E8-6E12006BB476}.Release|Any CPU.Build.0 = Release|Any CPU
	EndGlobalSection
	GlobalSection(SolutionProperties) = preSolution
		HideSolutionNode = FALSE
	EndGlobalSection
	GlobalSection(ExtensibilityGlobals) = postSolution
		SolutionGuid = {67569D98-4A7F-4DA6-B04E-D28A86BE7D84}
	EndGlobalSection
EndGlobal
